
Microsoft Visual Studio Solution File, Format Version 12.00
# Visual Studio Version 16
VisualStudioVersion = 16.0.31410.357
MinimumVisualStudioVersion = 10.0.40219.1
Project("{9A19103F-16F7-4668-BE54-9A1E7A4F7556}") = "EmpCRUD_API", "EmpCRUD_API\EmpCRUD_API.csproj", "{0D496710-A512-4440-9163-5482C6287DCF}"
EndProject
Project("{FAE04EC0-301F-11D3-BF4B-00C04F79EFBC}") = "AdminEntity", "AdminEntity\AdminEntity.csproj", "{E7723598-8766-44D1-937D-2086F506F8B6}"
EndProject
Project("{9A19103F-16F7-4668-BE54-9A1E7A4F7556}") = "EmployeeCRUD.Web", "EmployeeCRUD.Web\EmployeeCRUD.Web.csproj", "{74E46135-EA38-4B82-A47A-806ABBD6A71E}"
EndProject
Global
	GlobalSection(SolutionConfigurationPlatforms) = preSolution
		Debug|Any CPU = Debug|Any CPU
		Release|Any CPU = Release|Any CPU
	EndGlobalSection
	GlobalSection(ProjectConfigurationPlatforms) = postSolution
		{0D496710-A512-4440-9163-5482C6287DCF}.Debug|Any CPU.ActiveCfg = Debug|Any CPU
		{0D496710-A512-4440-9163-5482C6287DCF}.Debug|Any CPU.Build.0 = Debug|Any CPU
		{0D496710-A512-4440-9163-5482C6287DCF}.Release|Any CPU.ActiveCfg = Release|Any CPU
		{0D496710-A512-4440-9163-5482C6287DCF}.Release|Any CPU.Build.0 = Release|Any CPU
		{E7723598-8766-44D1-937D-2086F506F8B6}.Debug|Any CPU.ActiveCfg = Debug|Any CPU
		{E7723598-8766-44D1-937D-2086F506F8B6}.Debug|Any CPU.Build.0 = Debug|Any CPU
		{E7723598-8766-44D1-937D-2086F506F8B6}.Release|Any CPU.ActiveCfg = Release|Any CPU
		{E7723598-8766-44D1-937D-2086F506F8B6}.Release|Any CPU.Build.0 = Release|Any CPU
		{74E46135-EA38-4B82-A47A-806ABBD6A71E}.Debug|Any CPU.ActiveCfg = Debug|Any CPU
		{74E46135-EA38-4B82-A47A-806ABBD6A71E}.Debug|Any CPU.Build.0 = Debug|Any CPU
		{74E46135-EA38-4B82-A47A-806ABBD6A71E}.Release|Any CPU.ActiveCfg = Release|Any CPU
		{74E46135-EA38-4B82-A47A-806ABBD6A71E}.Release|Any CPU.Build.0 = Release|Any CPU
	EndGlobalSection
	GlobalSection(SolutionProperties) = preSolution
		HideSolutionNode = FALSE
	EndGlobalSection
	GlobalSection(ExtensibilityGlobals) = postSolution
		SolutionGuid = {ADFCC599-1C74-481E-A769-3387AF466104}
	EndGlobalSection
EndGlobal
